<Solution>
  <Folder Name="/Solution Items/">
    <File Path="docker-compose.yml" />
  </Folder>
  <Folder Name="/src/">
    <Project Path="src/Ledger.Api/Ledger.Api.csproj" />
  </Folder>
  <Folder Name="/tests/">
    <Project Path="tests/Ledger.Api.Tests/Ledger.Api.Tests.csproj" />
  </Folder>
</Solution>
